
Microsoft Visual Studio Solution File, Format Version 12.00
# Visual Studio Version 16
VisualStudioVersion = 16.0.29519.87
MinimumVisualStudioVersion = 10.0.40219.1
Project("{9A19103F-16F7-4668-BE54-9A1E7A4F7556}") = "EasyZipkin", "EasyZipkin.csproj", "{4AB0F259-EA74-403D-AA5C-85535847D08B}"
EndProject
Project("{FAE04EC0-301F-11D3-BF4B-00C04F79EFBC}") = "TestWebApi", "..\TestWebApi\TestWebApi.csproj", "{A754DBAE-DBA0-40D7-8175-F21A95990A00}"
EndProject
Project("{FAE04EC0-301F-11D3-BF4B-00C04F79EFBC}") = "SecondTestWebApi", "..\SecondTestWebApi\SecondTestWebApi.csproj", "{231AE369-FEDF-4FF7-B9C5-52AA5568BD86}"
EndProject
Global
	GlobalSection(SolutionConfigurationPlatforms) = preSolution
		Debug|Any CPU = Debug|Any CPU
		Release|Any CPU = Release|Any CPU
	EndGlobalSection
	GlobalSection(ProjectConfigurationPlatforms) = postSolution
		{4AB0F259-EA74-403D-AA5C-85535847D08B}.Debug|Any CPU.ActiveCfg = Debug|Any CPU
		{4AB0F259-EA74-403D-AA5C-85535847D08B}.Debug|Any CPU.Build.0 = Debug|Any CPU
		{4AB0F259-EA74-403D-AA5C-85535847D08B}.Release|Any CPU.ActiveCfg = Release|Any CPU
		{4AB0F259-EA74-403D-AA5C-85535847D08B}.Release|Any CPU.Build.0 = Release|Any CPU
		{A754DBAE-DBA0-40D7-8175-F21A95990A00}.Debug|Any CPU.ActiveCfg = Debug|Any CPU
		{A754DBAE-DBA0-40D7-8175-F21A95990A00}.Debug|Any CPU.Build.0 = Debug|Any CPU
		{A754DBAE-DBA0-40D7-8175-F21A95990A00}.Release|Any CPU.ActiveCfg = Release|Any CPU
		{A754DBAE-DBA0-40D7-8175-F21A95990A00}.Release|Any CPU.Build.0 = Release|Any CPU
		{231AE369-FEDF-4FF7-B9C5-52AA5568BD86}.Debug|Any CPU.ActiveCfg = Debug|Any CPU
		{231AE369-FEDF-4FF7-B9C5-52AA5568BD86}.Debug|Any CPU.Build.0 = Debug|Any CPU
		{231AE369-FEDF-4FF7-B9C5-52AA5568BD86}.Release|Any CPU.ActiveCfg = Release|Any CPU
		{231AE369-FEDF-4FF7-B9C5-52AA5568BD86}.Release|Any CPU.Build.0 = Release|Any CPU
	EndGlobalSection
	GlobalSection(SolutionProperties) = preSolution
		HideSolutionNode = FALSE
	EndGlobalSection
	GlobalSection(ExtensibilityGlobals) = postSolution
		SolutionGuid = {9F683684-5A70-4D4F-9EBB-973B2253D031}
	EndGlobalSection
EndGlobal
